github.com/gotk3/gotk3 v0.6.4-0.20240618185848-ff349ae13f56 h1:QsNP/tj2zL7zUp1f0OCmoMLNKRJo8qK49+PJo/5kSbg=
github.com/gotk3/gotk3 v0.6.4-0.20240618185848-ff349ae13f56/go.mod h1:/hqFpkNa9T3JgNAE2fLvCdov7c5bw//FHNZrZ3Uv9/Q=
github.com/mappu/miqt v0.12.0 h1:bBMBDeACmV8TbdLfoN51la7kF6QT3sNAcG+ZdRDgmxU=
github.com/mappu/miqt v0.12.0/go.mod h1:xFg7ADaO1QSkmXPsPODoKe/bydJpRG9fgCYyIDl/h1U=
<<<<<<< HEAD
=======
github.com/phroun/direct-key-handler v0.3.1 h1:AiNsD82qbBWmjSUNsiptQviPUe861nrKfxc04RUjnFE=
github.com/phroun/direct-key-handler v0.3.1/go.mod h1:CWjFowE+EYo5s/OtQas+dE/QDKvm+UL+cnXoCxjnHns=
>>>>>>> claude/fix-cli-width-d3jah
golang.org/x/sys v0.39.0 h1:CvCKL8MeisomCi6qNZ+wbb0DN9E5AATixKsvNtMoMFk=
golang.org/x/sys v0.39.0/go.mod h1:OgkHotnGiDImocRcuBABYBEXf8A9a87e/uXjp9XT3ks=
golang.org/x/term v0.38.0 h1:PQ5pkm/rLO6HnxFR7N2lJHOZX6Kez5Y1gDSJla6jo7Q=
golang.org/x/term v0.38.0/go.mod h1:bSEAKrOT1W+VSu9TSCMtoGEOUcKxOKgl3LE5QEF/xVg=
