github.com/gotk3/gotk3 v0.6.4-0.20240618185848-ff349ae13f56 h1:QsNP/tj2zL7zUp1f0OCmoMLNKRJo8qK49+PJo/5kSbg=
github.com/gotk3/gotk3 v0.6.4-0.20240618185848-ff349ae13f56/go.mod h1:/hqFpkNa9T3JgNAE2fLvCdov7c5bw//FHNZrZ3Uv9/Q=
github.com/mappu/miqt v0.12.0 h1:bBMBDeACmV8TbdLfoN51la7kF6QT3sNAcG+ZdRDgmxU=
github.com/mappu/miqt v0.12.0/go.mod h1:xFg7ADaO1QSkmXPsPODoKe/bydJpRG9fgCYyIDl/h1U=
github.com/phroun/direct-key-handler v0.3.3 h1:O7MPzTRZav3JevLdQD6sGewP6US3oESxjKhPZqyX1Eg=
github.com/phroun/direct-key-handler v0.3.3/go.mod h1:CWjFowE+EYo5s/OtQas+dE/QDKvm+UL+cnXoCxjnHns=
github.com/phroun/direct-key-handler v0.3.19 h1:FcOu4RqZQOpHec2AXQGvv66KlpVK29tsEicizXKHFaU=
github.com/phroun/direct-key-handler v0.3.19/go.mod h1:CWjFowE+EYo5s/OtQas+dE/QDKvm+UL+cnXoCxjnHns=
github.com/phroun/direct-key-handler v0.3.20-0.20260815195050-b46d45222056 h1:+fEIgD28ZdK1RPb25vJ4hoJqDWJiExX7X6yNv5/WPb4=
github.com/phroun/direct-key-handler v0.3.20-0.20260815195050-b46d45222056/go.mod h1:CWjFowE+EYo5s/OtQas+dE/QDKvm+UL+cnXoCxjnHns=
github.com/phroun/direct-key-handler v0.3.20 h1:ymGVIqyQ4qzuGlGZCHYo6Nr1zRv2RYupy5BwzZB8g0Y=
github.com/phroun/direct-key-handler v0.3.20/go.mod h1:CWjFowE+EYo5s/OtQas+dE/QDKvm+UL+cnXoCxjnHns=
github.com/phroun/direct-key-handler v0.3.21 h1:c247/zsTeO465rmvivvVbbvXkULaK6Sg4zKmTH4IgH0=
github.com/phroun/direct-key-handler v0.3.21/go.mod h1:CWjFowE+EYo5s/OtQas+dE/QDKvm+UL+cnXoCxjnHns=
github.com/phroun/direct-key-handler v0.3.35 h1:ql482OjymOXxvmFZQHBrMYGR1kQ5tXF0omIPUP6jh9E=
github.com/phroun/direct-key-handler v0.3.35/go.mod h1:CWjFowE+EYo5s/OtQas+dE/QDKvm+UL+cnXoCxjnHns=
golang.org/x/image v0.45.0 h1:FMb1nTbH5H9vF55SriQHgFw5GnNL9Jg6L25BwXKzhB0=
golang.org/x/image v0.45.0/go.mod h1:n62x/7RqlwXDvGsSU4u6IUTUf6KghUZ9Bt7cG/T9Fx4=
golang.org/x/sys v0.47.0 h1:o7XGOvZQCADBQQ4Y7VNq2dRWQR7JmOUW8Kxx4ZsNgWs=
golang.org/x/sys v0.47.0/go.mod h1:4GL1E5IUh+htKOUEOaiffhrAeqysfVGipDYzABqnCmw=
golang.org/x/term v0.38.0 h1:PQ5pkm/rLO6HnxFR7N2lJHOZX6Kez5Y1gDSJla6jo7Q=
golang.org/x/term v0.38.0/go.mod h1:bSEAKrOT1W+VSu9TSCMtoGEOUcKxOKgl3LE5QEF/xVg=
